
Microsoft Visual Studio Solution File, Format Version 12.00
# Visual Studio 14
VisualStudioVersion = 14.0.25420.1
MinimumVisualStudioVersion = 10.0.40219.1
Project("{FAE04EC0-301F-11D3-BF4B-00C04F79EFBC}") = "HotelManagement.WebApi", "HotelManagement.WebApi\HotelManagement.WebApi.csproj", "{C4CBF4B5-641D-4D57-AE52-A229D12E7BB7}"
EndProject
Project("{FAE04EC0-301F-11D3-BF4B-00C04F79EFBC}") = "HotelManagement.Business", "HotelManagement.Business\HotelManagement.Business.csproj", "{488269B9-892E-400D-844D-18C8CBA9D731}"
EndProject
Global
	GlobalSection(SolutionConfigurationPlatforms) = preSolution
		Debug|Any CPU = Debug|Any CPU
		Release|Any CPU = Release|Any CPU
	EndGlobalSection
	GlobalSection(ProjectConfigurationPlatforms) = postSolution
		{C4CBF4B5-641D-4D57-AE52-A229D12E7BB7}.Debug|Any CPU.ActiveCfg = Debug|Any CPU
		{C4CBF4B5-641D-4D57-AE52-A229D12E7BB7}.Debug|Any CPU.Build.0 = Debug|Any CPU
		{C4CBF4B5-641D-4D57-AE52-A229D12E7BB7}.Release|Any CPU.ActiveCfg = Release|Any CPU
		{C4CBF4B5-641D-4D57-AE52-A229D12E7BB7}.Release|Any CPU.Build.0 = Release|Any CPU
		{488269B9-892E-400D-844D-18C8CBA9D731}.Debug|Any CPU.ActiveCfg = Debug|Any CPU
		{488269B9-892E-400D-844D-18C8CBA9D731}.Debug|Any CPU.Build.0 = Debug|Any CPU
		{488269B9-892E-400D-844D-18C8CBA9D731}.Release|Any CPU.ActiveCfg = Release|Any CPU
		{488269B9-892E-400D-844D-18C8CBA9D731}.Release|Any CPU.Build.0 = Release|Any CPU
	EndGlobalSection
	GlobalSection(SolutionProperties) = preSolution
		HideSolutionNode = FALSE
	EndGlobalSection
EndGlobal
